# THIS IS AN AUTOGENERATED FILE. DO NOT EDIT THIS FILE DIRECTLY.
# yarn lockfile v1


"@tanstack/query-core@5.28.9":
  version "5.28.9"
  resolved "https://registry.yarnpkg.com/@tanstack/query-core/-/query-core-5.28.9.tgz#170a7a8794ab73aeffbaf711ac62126479a5d026"
  integrity sha512-hNlfCiqZevr3GRVPXS3MhaGW5hjcxvCsIQ4q6ff7EPlvFwYZaS+0d9EIIgofnegDaU2BbCDlyURoYfRl5rmzow==

"@tanstack/react-query@^5.28.9":
  version "5.28.9"
  resolved "https://registry.yarnpkg.com/@tanstack/react-query/-/react-query-5.28.9.tgz#13c2049daa5db6c3137473e279b209f76d39708e"
  integrity sha512-vwifBkGXsydsLxFOBMe3+f8kvtDoqDRDwUNjPHVDDt+FoBetCbOWAUHgZn4k+CVeZgLmy7bx6aKeDbe3e8koOQ==
  dependencies:
    "@tanstack/query-core" "5.28.9"
